{
  "requires": true,
  "lockfileVersion": 1,
  "dependencies": {
    "@ngmodule/material-carousel": {
      "version": "0.6.0",
      "resolved": "https://registry.npmjs.org/@ngmodule/material-carousel/-/material-carousel-0.6.0.tgz",
      "integrity": "sha512-k3Os2TfbX69oa3AvG46sQflwuR836mUPpfRFcbMHkxEXw1uc9pAo2mEbmA9Srv9R9Mj0eJLeu0chNR7fuyzodQ==",
      "requires": {
        "tslib": "^1.9.0"
      }
    },
    "tslib": {
      "version": "1.13.0",
      "resolved": "https://registry.npmjs.org/tslib/-/tslib-1.13.0.tgz",
      "integrity": "sha512-i/6DQjL8Xf3be4K/E6Wgpekn5Qasl1usyw++dAA35Ue5orEn65VIxOA+YvNNl9HV3qv70T7CNwjODHZrLwvd1Q=="
    }
  }
}
